
Microsoft Visual Studio Solution File, Format Version 12.00
# Visual Studio Version 16
VisualStudioVersion = 16.0.29020.237
MinimumVisualStudioVersion = 10.0.40219.1
Project("{9A19103F-16F7-4668-BE54-9A1E7A4F7556}") = "Sample", "Sample.csproj", "{AE2AEA08-5491-4888-AAD5-3C8E51E998A2}"
EndProject
Global
	GlobalSection(SolutionConfigurationPlatforms) = preSolution
		Debug|Any CPU = Debug|Any CPU
		Release|Any CPU = Release|Any CPU
	EndGlobalSection
	GlobalSection(ProjectConfigurationPlatforms) = postSolution
		{AE2AEA08-5491-4888-AAD5-3C8E51E998A2}.Debug|Any CPU.ActiveCfg = Debug|Any CPU
		{AE2AEA08-5491-4888-AAD5-3C8E51E998A2}.Debug|Any CPU.Build.0 = Debug|Any CPU
		{AE2AEA08-5491-4888-AAD5-3C8E51E998A2}.Release|Any CPU.ActiveCfg = Release|Any CPU
		{AE2AEA08-5491-4888-AAD5-3C8E51E998A2}.Release|Any CPU.Build.0 = Release|Any CPU
	EndGlobalSection
	GlobalSection(SolutionProperties) = preSolution
		HideSolutionNode = FALSE
	EndGlobalSection
	GlobalSection(ExtensibilityGlobals) = postSolution
		SolutionGuid = {5F50BC18-96BE-4662-8696-13EB0E1262F8}
	EndGlobalSection
EndGlobal
